
Microsoft Visual Studio Solution File, Format Version 12.00
# Visual Studio Version 16
VisualStudioVersion = 16.0.29418.71
MinimumVisualStudioVersion = 10.0.40219.1
Project("{FAE04EC0-301F-11D3-BF4B-00C04F79EFBC}") = "DecodingPatternsAndCode", "DecodingPatternsAndCode\DecodingPatternsAndCode.Tests.csproj", "{D73A6AA8-3B22-4876-997A-FEF64DED456F}"
EndProject
Global
	GlobalSection(SolutionConfigurationPlatforms) = preSolution
		Debug|Any CPU = Debug|Any CPU
		Release|Any CPU = Release|Any CPU
	EndGlobalSection
	GlobalSection(ProjectConfigurationPlatforms) = postSolution
		{D73A6AA8-3B22-4876-997A-FEF64DED456F}.Debug|Any CPU.ActiveCfg = Debug|Any CPU
		{D73A6AA8-3B22-4876-997A-FEF64DED456F}.Debug|Any CPU.Build.0 = Debug|Any CPU
		{D73A6AA8-3B22-4876-997A-FEF64DED456F}.Release|Any CPU.ActiveCfg = Release|Any CPU
		{D73A6AA8-3B22-4876-997A-FEF64DED456F}.Release|Any CPU.Build.0 = Release|Any CPU
	EndGlobalSection
	GlobalSection(SolutionProperties) = preSolution
		HideSolutionNode = FALSE
	EndGlobalSection
	GlobalSection(ExtensibilityGlobals) = postSolution
		SolutionGuid = {261405C4-5190-49A0-8FAC-E0FDA7EA93B2}
	EndGlobalSection
EndGlobal
